
Microsoft Visual Studio Solution File, Format Version 12.00
# Visual Studio Version 17
VisualStudioVersion = 17.4.33403.182
MinimumVisualStudioVersion = 10.0.40219.1
Project("{FAE04EC0-301F-11D3-BF4B-00C04F79EFBC}") = "JsonEditor_form", "JsonEditor_form\JsonEditor_form.csproj", "{D7AC4A8C-B027-4C56-A81C-C903A53F5C27}"
EndProject
Global
	GlobalSection(SolutionConfigurationPlatforms) = preSolution
		Debug|Any CPU = Debug|Any CPU
		Release|Any CPU = Release|Any CPU
	EndGlobalSection
	GlobalSection(ProjectConfigurationPlatforms) = postSolution
		{D7AC4A8C-B027-4C56-A81C-C903A53F5C27}.Debug|Any CPU.ActiveCfg = Debug|Any CPU
		{D7AC4A8C-B027-4C56-A81C-C903A53F5C27}.Debug|Any CPU.Build.0 = Debug|Any CPU
		{D7AC4A8C-B027-4C56-A81C-C903A53F5C27}.Release|Any CPU.ActiveCfg = Release|Any CPU
		{D7AC4A8C-B027-4C56-A81C-C903A53F5C27}.Release|Any CPU.Build.0 = Release|Any CPU
	EndGlobalSection
	GlobalSection(SolutionProperties) = preSolution
		HideSolutionNode = FALSE
	EndGlobalSection
	GlobalSection(ExtensibilityGlobals) = postSolution
		SolutionGuid = {79C01844-5CBD-4111-8868-54439A4A1C25}
	EndGlobalSection
EndGlobal
